
Microsoft Visual Studio Solution File, Format Version 12.00
# Visual Studio Version 16
VisualStudioVersion = 16.0.30114.105
MinimumVisualStudioVersion = 10.0.40219.1
Project("{FAE04EC0-301F-11D3-BF4B-00C04F79EFBC}") = "API", "API\API.csproj", "{5E06FEAC-1136-45A6-9C00-F6AC614B1FD9}"
EndProject
Project("{FAE04EC0-301F-11D3-BF4B-00C04F79EFBC}") = "Infrastructure", "Infrastructure\Infrastructure.csproj", "{24360A82-0651-4077-9D0C-AC925DC04301}"
EndProject
Project("{FAE04EC0-301F-11D3-BF4B-00C04F79EFBC}") = "Core", "Core\Core.csproj", "{61204991-FDCD-45B9-B32B-E52DDB7CD5FD}"
EndProject
Global
	GlobalSection(SolutionConfigurationPlatforms) = preSolution
		Debug|Any CPU = Debug|Any CPU
		Release|Any CPU = Release|Any CPU
	EndGlobalSection
	GlobalSection(SolutionProperties) = preSolution
		HideSolutionNode = FALSE
	EndGlobalSection
	GlobalSection(ProjectConfigurationPlatforms) = postSolution
		{5E06FEAC-1136-45A6-9C00-F6AC614B1FD9}.Debug|Any CPU.ActiveCfg = Debug|Any CPU
		{5E06FEAC-1136-45A6-9C00-F6AC614B1FD9}.Debug|Any CPU.Build.0 = Debug|Any CPU
		{5E06FEAC-1136-45A6-9C00-F6AC614B1FD9}.Release|Any CPU.ActiveCfg = Release|Any CPU
		{5E06FEAC-1136-45A6-9C00-F6AC614B1FD9}.Release|Any CPU.Build.0 = Release|Any CPU
		{24360A82-0651-4077-9D0C-AC925DC04301}.Debug|Any CPU.ActiveCfg = Debug|Any CPU
		{24360A82-0651-4077-9D0C-AC925DC04301}.Debug|Any CPU.Build.0 = Debug|Any CPU
		{24360A82-0651-4077-9D0C-AC925DC04301}.Release|Any CPU.ActiveCfg = Release|Any CPU
		{24360A82-0651-4077-9D0C-AC925DC04301}.Release|Any CPU.Build.0 = Release|Any CPU
		{61204991-FDCD-45B9-B32B-E52DDB7CD5FD}.Debug|Any CPU.ActiveCfg = Debug|Any CPU
		{61204991-FDCD-45B9-B32B-E52DDB7CD5FD}.Debug|Any CPU.Build.0 = Debug|Any CPU
		{61204991-FDCD-45B9-B32B-E52DDB7CD5FD}.Release|Any CPU.ActiveCfg = Release|Any CPU
		{61204991-FDCD-45B9-B32B-E52DDB7CD5FD}.Release|Any CPU.Build.0 = Release|Any CPU
	EndGlobalSection
EndGlobal
